// !$*UTF8*$!
{
	archiveVersion = 1;
	classes = {
	};
	objectVersion = 50;
	objects = {

/* Begin PBXBuildFile section */
		552C74AE23984C77006A7A11 /* AppDelegate.swift in Sources */ = {isa = PBXBuildFile; fileRef = 552C74AD23984C77006A7A11 /* AppDelegate.swift */; };
		552C74B023984C77006A7A11 /* SceneDelegate.swift in Sources */ = {isa = PBXBuildFile; fileRef = 552C74AF23984C77006A7A11 /* SceneDelegate.swift */; };
		552C74B223984C77006A7A11 /* ViewController.swift in Sources */ = {isa = PBXBuildFile; fileRef = 552C74B123984C77006A7A11 /* ViewController.swift */; };
		552C74B523984C77006A7A11 /* Main.storyboard in Resources */ = {isa = PBXBuildFile; fileRef = 552C74B323984C77006A7A11 /* Main.storyboard */; };
		552C74B723984C79006A7A11 /* Assets.xcassets in Resources */ = {isa = PBXBuildFile; fileRef = 552C74B623984C79006A7A11 /* Assets.xcassets */; };
		552C74BA23984C79006A7A11 /* LaunchScreen.storyboard in Resources */ = {isa = PBXBuildFile; fileRef = 552C74B823984C79006A7A11 /* LaunchScreen.storyboard */; };
		552C74C523984C79006A7A11 /* oneHandCalculatorTests.swift in Sources */ = {isa = PBXBuildFile; fileRef = 552C74C423984C79006A7A11 /* oneHandCalculatorTests.swift */; };
		552C74D023984C79006A7A11 /* oneHandCalculatorUITests.swift in Sources */ = {isa = PBXBuildFile; fileRef = 552C74CF23984C79006A7A11 /* oneHandCalculatorUITests.swift */; };
/* End PBXBuildFile section */

/* Begin PBXContainerItemProxy section */
		552C74C123984C79006A7A11 /* PBXContainerItemProxy */ = {
			isa = PBXContainerItemProxy;
			containerPortal = 552C74A223984C77006A7A11 /* Project object */;
			proxyType = 1;
			remoteGlobalIDString = 552C74A923984C77006A7A11;
			remoteInfo = oneHandCalculator;
		};
		552C74CC23984C79006A7A11 /* PBXContainerItemProxy */ = {
			isa = PBXContainerItemProxy;
			containerPortal = 552C74A223984C77006A7A11 /* Project object */;
			proxyType = 1;
			remoteGlobalIDString = 552C74A923984C77006A7A11;
			remoteInfo = oneHandCalculator;
		};
/* End PBXContainerItemProxy section */

/* Begin PBXFileReference section */
		552C74AA23984C77006A7A11 /* oneHandCalculator.app */ = {isa = PBXFileReference; explicitFileType = wrapper.application; includeInIndex = 0; path = oneHandCalculator.app; sourceTree = BUILT_PRODUCTS_DIR; };
		552C74AD23984C77006A7A11 /* AppDelegate.swift */ = {isa = PBXFileReference; lastKnownFileType = sourcecode.swift; path = AppDelegate.swift; sourceTree = "<group>"; };
		552C74AF23984C77006A7A11 /* SceneDelegate.swift */ = {isa = PBXFileReference; lastKnownFileType = sourcecode.swift; path = SceneDelegate.swift; sourceTree = "<group>"; };
		552C74B123984C77006A7A11 /* ViewController.swift */ = {isa = PBXFileReference; lastKnownFileType = sourcecode.swift; path = ViewController.swift; sourceTree = "<group>"; };
		552C74B423984C77006A7A11 /* Base */ = {isa = PBXFileReference; lastKnownFileType = file.storyboard; name = Base; path = Base.lproj/Main.storyboard; sourceTree = "<group>"; };
		552C74B623984C79006A7A11 /* Assets.xcassets */ = {isa = PBXFileReference; lastKnownFileType = folder.assetcatalog; path = Assets.xcassets; sourceTree = "<group>"; };
		552C74B923984C79006A7A11 /* Base */ = {isa = PBXFileReference; lastKnownFileType = file.storyboard; name = Base; path = Base.lproj/LaunchScreen.storyboard; sourceTree = "<group>"; };
		552C74BB23984C79006A7A11 /* Info.plist */ = {isa = PBXFileReference; lastKnownFileType = text.plist.xml; path = Info.plist; sourceTree = "<group>"; };
		552C74C023984C79006A7A11 /* oneHandCalculatorTests.xctest */ = {isa = PBXFileReference; explicitFileType = wrapper.cfbundle; includeInIndex = 0; path = oneHandCalculatorTests.xctest; sourceTree = BUILT_PRODUCTS_DIR; };
		552C74C423984C79006A7A11 /* oneHandCalculatorTests.swift */ = {isa = PBXFileReference; lastKnownFileType = sourcecode.swift; path = oneHandCalculatorTests.swift; sourceTree = "<group>"; };
		552C74C623984C79006A7A11 /* Info.plist */ = {isa = PBXFileReference; lastKnownFileType = text.plist.xml; path = Info.plist; sourceTree = "<group>"; };
		552C74CB23984C79006A7A11 /* oneHandCalculatorUITests.xctest */ = {isa = PBXFileReference; explicitFileType = wrapper.cfbundle; includeInIndex = 0; path = oneHandCalculatorUITests.xctest; sourceTree = BUILT_PRODUCTS_DIR; };
		552C74CF23984C79006A7A11 /* oneHandCalculatorUITests.swift */ = {isa = PBXFileReference; lastKnownFileType = sourcecode.swift; path = oneHandCalculatorUITests.swift; sourceTree = "<group>"; };
		552C74D123984C79006A7A11 /* Info.plist */ = {isa = PBXFileReference; lastKnownFileType = text.plist.xml; path = Info.plist; sourceTree = "<group>"; };
/* End PBXFileReference section */

/* Begin PBXFrameworksBuildPhase section */
		552C74A723984C77006A7A11 /* Frameworks */ = {
			isa = PBXFrameworksBuildPhase;
			buildActionMask = 2147483647;
			files = (
			);
			runOnlyForDeploymentPostprocessing = 0;
		};
		552C74BD23984C79006A7A11 /* Frameworks */ = {
			isa = PBXFrameworksBuildPhase;
			buildActionMask = 2147483647;
			files = (
			);
			runOnlyForDeploymentPostprocessing = 0;
		};
		552C74C823984C79006A7A11 /* Frameworks */ = {
			isa = PBXFrameworksBuildPhase;
			buildActionMask = 2147483647;
			files = (
			);
			runOnlyForDeploymentPostprocessing = 0;
		};
/* End PBXFrameworksBuildPhase section */

/* Begin PBXGroup section */
		552C74A123984C77006A7A11 = {
			isa = PBXGroup;
			children = (
				552C74AC23984C77006A7A11 /* oneHandCalculator */,
				552C74C323984C79006A7A11 /* oneHandCalculatorTests */,
				552C74CE23984C79006A7A11 /* oneHandCalculatorUITests */,
				552C74AB23984C77006A7A11 /* Products */,
			);
			sourceTree = "<group>";
		};
		552C74AB23984C77006A7A11 /* Products */ = {
			isa = PBXGroup;
			children = (
				552C74AA23984C77006A7A11 /* oneHandCalculator.app */,
				552C74C023984C79006A7A11 /* oneHandCalculatorTests.xctest */,
				552C74CB23984C79006A7A11 /* oneHandCalculatorUITests.xctest */,
			);
			name = Products;
			sourceTree = "<group>";
		};
		552C74AC23984C77006A7A11 /* oneHandCalculator */ = {
			isa = PBXGroup;
			children = (
				552C74AD23984C77006A7A11 /* AppDelegate.swift */,
				552C74AF23984C77006A7A11 /* SceneDelegate.swift */,
				552C74B123984C77006A7A11 /* ViewController.swift */,
				552C74B323984C77006A7A11 /* Main.storyboard */,
				552C74B623984C79006A7A11 /* Assets.xcassets */,
				552C74B823984C79006A7A11 /* LaunchScreen.storyboard */,
				552C74BB23984C79006A7A11 /* Info.plist */,
			);
			path = oneHandCalculator;
			sourceTree = "<group>";
		};
		552C74C323984C79006A7A11 /* oneHandCalculatorTests */ = {
			isa = PBXGroup;
			children = (
				552C74C423984C79006A7A11 /* oneHandCalculatorTests.swift */,
				552C74C623984C79006A7A11 /* Info.plist */,
			);
			path = oneHandCalculatorTests;
			sourceTree = "<group>";
		};
		552C74CE23984C79006A7A11 /* oneHandCalculatorUITests */ = {
			isa = PBXGroup;
			children = (
				552C74CF23984C79006A7A11 /* oneHandCalculatorUITests.swift */,
				552C74D123984C79006A7A11 /* Info.plist */,
			);
			path = oneHandCalculatorUITests;
			sourceTree = "<group>";
		};
/* End PBXGroup section */

/* Begin PBXNativeTarget section */
		552C74A923984C77006A7A11 /* oneHandCalculator */ = {
			isa = PBXNativeTarget;
			buildConfigurationList = 552C74D423984C79006A7A11 /* Build configuration list for PBXNativeTarget "oneHandCalculator" */;
			buildPhases = (
				552C74A623984C77006A7A11 /* Sources */,
				552C74A723984C77006A7A11 /* Frameworks */,
				552C74A823984C77006A7A11 /* Resources */,
			);
			buildRules = (
			);
			dependencies = (
			);
			name = oneHandCalculator;
			productName = oneHandCalculator;
			productReference = 552C74AA23984C77006A7A11 /* oneHandCalculator.app */;
			productType = "com.apple.product-type.application";
		};
		552C74BF23984C79006A7A11 /* oneHandCalculatorTests */ = {
			isa = PBXNativeTarget;
			buildConfigurationList = 552C74D723984C79006A7A11 /* Build configuration list for PBXNativeTarget "oneHandCalculatorTests" */;
			buildPhases = (
				552C74BC23984C79006A7A11 /* Sources */,
				552C74BD23984C79006A7A11 /* Frameworks */,
				552C74BE23984C79006A7A11 /* Resources */,
			);
			buildRules = (
			);
			dependencies = (
				552C74C223984C79006A7A11 /* PBXTargetDependency */,
			);
			name = oneHandCalculatorTests;
			productName = oneHandCalculatorTests;
			productReference = 552C74C023984C79006A7A11 /* oneHandCalculatorTests.xctest */;
			productType = "com.apple.product-type.bundle.unit-test";
		};
		552C74CA23984C79006A7A11 /* oneHandCalculatorUITests */ = {
			isa = PBXNativeTarget;
			buildConfigurationList = 552C74DA23984C79006A7A11 /* Build configuration list for PBXNativeTarget "oneHandCalculatorUITests" */;
			buildPhases = (
				552C74C723984C79006A7A11 /* Sources */,
				552C74C823984C79006A7A11 /* Frameworks */,
				552C74C923984C79006A7A11 /* Resources */,
			);
			buildRules = (
			);
			dependencies = (
				552C74CD23984C79006A7A11 /* PBXTargetDependency */,
			);
			name = oneHandCalculatorUITests;
			productName = oneHandCalculatorUITests;
			productReference = 552C74CB23984C79006A7A11 /* oneHandCalculatorUITests.xctest */;
			productType = "com.apple.product-type.bundle.ui-testing";
		};
/* End PBXNativeTarget section */

/* Begin PBXProject section */
		552C74A223984C77006A7A11 /* Project object */ = {
			isa = PBXProject;
			attributes = {
				LastSwiftUpdateCheck = 1120;
				LastUpgradeCheck = 1120;
				ORGANIZATIONNAME = "Gun Park";
				TargetAttributes = {
					552C74A923984C77006A7A11 = {
						CreatedOnToolsVersion = 11.2.1;
					};
					552C74BF23984C79006A7A11 = {
						CreatedOnToolsVersion = 11.2.1;
						TestTargetID = 552C74A923984C77006A7A11;
					};
					552C74CA23984C79006A7A11 = {
						CreatedOnToolsVersion = 11.2.1;
						TestTargetID = 552C74A923984C77006A7A11;
					};
				};
			};
			buildConfigurationList = 552C74A523984C77006A7A11 /* Build configuration list for PBXProject "oneHandCalculator" */;
			compatibilityVersion = "Xcode 9.3";
			developmentRegion = en;
			hasScannedForEncodings = 0;
			knownRegions = (
				en,
				Base,
			);
			mainGroup = 552C74A123984C77006A7A11;
			productRefGroup = 552C74AB23984C77006A7A11 /* Products */;
			projectDirPath = "";
			projectRoot = "";
			targets = (
				552C74A923984C77006A7A11 /* oneHandCalculator */,
				552C74BF23984C79006A7A11 /* oneHandCalculatorTests */,
				552C74CA23984C79006A7A11 /* oneHandCalculatorUITests */,
			);
		};
/* End PBXProject section */

/* Begin PBXResourcesBuildPhase section */
		552C74A823984C77006A7A11 /* Resources */ = {
			isa = PBXResourcesBuildPhase;
			buildActionMask = 2147483647;
			files = (
				552C74BA23984C79006A7A11 /* LaunchScreen.storyboard in Resources */,
				552C74B723984C79006A7A11 /* Assets.xcassets in Resources */,
				552C74B523984C77006A7A11 /* Main.storyboard in Resources */,
			);
			runOnlyForDeploymentPostprocessing = 0;
		};
		552C74BE23984C79006A7A11 /* Resources */ = {
			isa = PBXResourcesBuildPhase;
			buildActionMask = 2147483647;
			files = (
			);
			runOnlyForDeploymentPostprocessing = 0;
		};
		552C74C923984C79006A7A11 /* Resources */ = {
			isa = PBXResourcesBuildPhase;
			buildActionMask = 2147483647;
			files = (
			);
			runOnlyForDeploymentPostprocessing = 0;
		};
/* End PBXResourcesBuildPhase section */

/* Begin PBXSourcesBuildPhase section */
		552C74A623984C77006A7A11 /* Sources */ = {
			isa = PBXSourcesBuildPhase;
			buildActionMask = 2147483647;
			files = (
				552C74B223984C77006A7A11 /* ViewController.swift in Sources */,
				552C74AE23984C77006A7A11 /* AppDelegate.swift in Sources */,
				552C74B023984C77006A7A11 /* SceneDelegate.swift in Sources */,
			);
			runOnlyForDeploymentPostprocessing = 0;
		};
		552C74BC23984C79006A7A11 /* Sources */ = {
			isa = PBXSourcesBuildPhase;
			buildActionMask = 2147483647;
			files = (
				552C74C523984C79006A7A11 /* oneHandCalculatorTests.swift in Sources */,
			);
			runOnlyForDeploymentPostprocessing = 0;
		};
		552C74C723984C79006A7A11 /* Sources */ = {
			isa = PBXSourcesBuildPhase;
			buildActionMask = 2147483647;
			files = (
				552C74D023984C79006A7A11 /* oneHandCalculatorUITests.swift in Sources */,
			);
			runOnlyForDeploymentPostprocessing = 0;
		};
/* End PBXSourcesBuildPhase section */

/* Begin PBXTargetDependency section */
		552C74C223984C79006A7A11 /* PBXTargetDependency */ = {
			isa = PBXTargetDependency;
			target = 552C74A923984C77006A7A11 /* oneHandCalculator */;
			targetProxy = 552C74C123984C79006A7A11 /* PBXContainerItemProxy */;
		};
		552C74CD23984C79006A7A11 /* PBXTargetDependency */ = {
			isa = PBXTargetDependency;
			target = 552C74A923984C77006A7A11 /* oneHandCalculator */;
			targetProxy = 552C74CC23984C79006A7A11 /* PBXContainerItemProxy */;
		};
/* End PBXTargetDependency section */

/* Begin PBXVariantGroup section */
		552C74B323984C77006A7A11 /* Main.storyboard */ = {
			isa = PBXVariantGroup;
			children = (
				552C74B423984C77006A7A11 /* Base */,
			);
			name = Main.storyboard;
			sourceTree = "<group>";
		};
		552C74B823984C79006A7A11 /* LaunchScreen.storyboard */ = {
			isa = PBXVariantGroup;
			children = (
				552C74B923984C79006A7A11 /* Base */,
			);
			name = LaunchScreen.storyboard;
			sourceTree = "<group>";
		};
/* End PBXVariantGroup section */

/* Begin XCBuildConfiguration section */
		552C74D223984C79006A7A11 /* Debug */ = {
			isa = XCBuildConfiguration;
			buildSettings = {
				ALWAYS_SEARCH_USER_PATHS = NO;
				CLANG_ANALYZER_NONNULL = YES;
				CLANG_ANALYZER_NUMBER_OBJECT_CONVERSION = YES_AGGRESSIVE;
				CLANG_CXX_LANGUAGE_STANDARD = "gnu++14";
				CLANG_CXX_LIBRARY = "libc++";
				CLANG_ENABLE_MODULES = YES;
				CLANG_ENABLE_OBJC_ARC = YES;
				CLANG_ENABLE_OBJC_WEAK = YES;
				CLANG_WARN_BLOCK_CAPTURE_AUTORELEASING = YES;
				CLANG_WARN_BOOL_CONVERSION = YES;
				CLANG_WARN_COMMA = YES;
				CLANG_WARN_CONSTANT_CONVERSION = YES;
				CLANG_WARN_DEPRECATED_OBJC_IMPLEMENTATIONS = YES;
				CLANG_WARN_DIRECT_OBJC_ISA_USAGE = YES_ERROR;
				CLANG_WARN_DOCUMENTATION_COMMENTS = YES;
				CLANG_WARN_EMPTY_BODY = YES;
				CLANG_WARN_ENUM_CONVERSION = YES;
				CLANG_WARN_INFINITE_RECURSION = YES;
				CLANG_WARN_INT_CONVERSION = YES;
				CLANG_WARN_NON_LITERAL_NULL_CONVERSION = YES;
				CLANG_WARN_OBJC_IMPLICIT_RETAIN_SELF = YES;
				CLANG_WARN_OBJC_LITERAL_CONVERSION = YES;
				CLANG_WARN_OBJC_ROOT_CLASS = YES_ERROR;
				CLANG_WARN_RANGE_LOOP_ANALYSIS = YES;
				CLANG_WARN_STRICT_PROTOTYPES = YES;
				CLANG_WARN_SUSPICIOUS_MOVE = YES;
				CLANG_WARN_UNGUARDED_AVAILABILITY = YES_AGGRESSIVE;
				CLANG_WARN_UNREACHABLE_CODE = YES;
				CLANG_WARN__DUPLICATE_METHOD_MATCH = YES;
				COPY_PHASE_STRIP = NO;
				DEBUG_INFORMATION_FORMAT = dwarf;
				ENABLE_STRICT_OBJC_MSGSEND = YES;
				ENABLE_TESTABILITY = YES;
				GCC_C_LANGUAGE_STANDARD = gnu11;
				GCC_DYNAMIC_NO_PIC = NO;
				GCC_NO_COMMON_BLOCKS = YES;
				GCC_OPTIMIZATION_LEVEL = 0;
				GCC_PREPROCESSOR_DEFINITIONS = (
					"DEBUG=1",
					"$(inherited)",
				);
				GCC_WARN_64_TO_32_BIT_CONVERSION = YES;
				GCC_WARN_ABOUT_RETURN_TYPE = YES_ERROR;
				GCC_WARN_UNDECLARED_SELECTOR = YES;
				GCC_WARN_UNINITIALIZED_AUTOS = YES_AGGRESSIVE;
				GCC_WARN_UNUSED_FUNCTION = YES;
				GCC_WARN_UNUSED_VARIABLE = YES;
				IPHONEOS_DEPLOYMENT_TARGET = 13.2;
				MTL_ENABLE_DEBUG_INFO = INCLUDE_SOURCE;
				MTL_FAST_MATH = YES;
				ONLY_ACTIVE_ARCH = YES;
				SDKROOT = iphoneos;
				SWIFT_ACTIVE_COMPILATION_CONDITIONS = DEBUG;
				SWIFT_OPTIMIZATION_LEVEL = "-Onone";
			};
			name = Debug;
		};
		552C74D323984C79006A7A11 /* Release */ = {
			isa = XCBuildConfiguration;
			buildSettings = {
				ALWAYS_SEARCH_USER_PATHS = NO;
				CLANG_ANALYZER_NONNULL = YES;
				CLANG_ANALYZER_NUMBER_OBJECT_CONVERSION = YES_AGGRESSIVE;
				CLANG_CXX_LANGUAGE_STANDARD = "gnu++14";
				CLANG_CXX_LIBRARY = "libc++";
				CLANG_ENABLE_MODULES = YES;
				CLANG_ENABLE_OBJC_ARC = YES;
				CLANG_ENABLE_OBJC_WEAK = YES;
				CLANG_WARN_BLOCK_CAPTURE_AUTORELEASING = YES;
				CLANG_WARN_BOOL_CONVERSION = YES;
				CLANG_WARN_COMMA = YES;
				CLANG_WARN_CONSTANT_CONVERSION = YES;
				CLANG_WARN_DEPRECATED_OBJC_IMPLEMENTATIONS = YES;
				CLANG_WARN_DIRECT_OBJC_ISA_USAGE = YES_ERROR;
				CLANG_WARN_DOCUMENTATION_COMMENTS = YES;
				CLANG_WARN_EMPTY_BODY = YES;
				CLANG_WARN_ENUM_CONVERSION = YES;
				CLANG_WARN_INFINITE_RECURSION = YES;
				CLANG_WARN_INT_CONVERSION = YES;
				CLANG_WARN_NON_LITERAL_NULL_CONVERSION = YES;
				CLANG_WARN_OBJC_IMPLICIT_RETAIN_SELF = YES;
				CLANG_WARN_OBJC_LITERAL_CONVERSION = YES;
				CLANG_WARN_OBJC_ROOT_CLASS = YES_ERROR;
				CLANG_WARN_RANGE_LOOP_ANALYSIS = YES;
				CLANG_WARN_STRICT_PROTOTYPES = YES;
				CLANG_WARN_SUSPICIOUS_MOVE = YES;
				CLANG_WARN_UNGUARDED_AVAILABILITY = YES_AGGRESSIVE;
				CLANG_WARN_UNREACHABLE_CODE = YES;
				CLANG_WARN__DUPLICATE_METHOD_MATCH = YES;
				COPY_PHASE_STRIP = NO;
				DEBUG_INFORMATION_FORMAT = "dwarf-with-dsym";
				ENABLE_NS_ASSERTIONS = NO;
				ENABLE_STRICT_OBJC_MSGSEND = YES;
				GCC_C_LANGUAGE_STANDARD = gnu11;
				GCC_NO_COMMON_BLOCKS = YES;
				GCC_WARN_64_TO_32_BIT_CONVERSION = YES;
				GCC_WARN_ABOUT_RETURN_TYPE = YES_ERROR;
				GCC_WARN_UNDECLARED_SELECTOR = YES;
				GCC_WARN_UNINITIALIZED_AUTOS = YES_AGGRESSIVE;
				GCC_WARN_UNUSED_FUNCTION = YES;
				GCC_WARN_UNUSED_VARIABLE = YES;
				IPHONEOS_DEPLOYMENT_TARGET = 13.2;
				MTL_ENABLE_DEBUG_INFO = NO;
				MTL_FAST_MATH = YES;
				SDKROOT = iphoneos;
				SWIFT_COMPILATION_MODE = wholemodule;
				SWIFT_OPTIMIZATION_LEVEL = "-O";
				VALIDATE_PRODUCT = YES;
			};
			name = Release;
		};
		552C74D523984C79006A7A11 /* Debug */ = {
			isa = XCBuildConfiguration;
			buildSettings = {
				ASSETCATALOG_COMPILER_APPICON_NAME = AppIcon;
				CODE_SIGN_STYLE = Automatic;
				INFOPLIST_FILE = oneHandCalculator/Info.plist;
				LD_RUNPATH_SEARCH_PATHS = (
					"$(inherited)",
					"@executable_path/Frameworks",
				);
				PRODUCT_BUNDLE_IDENTIFIER = Gun.oneHandCalculator;
				PRODUCT_NAME = "$(TARGET_NAME)";
				SWIFT_VERSION = 5.0;
				TARGETED_DEVICE_FAMILY = "1,2";
			};
			name = Debug;
		};
		552C74D623984C79006A7A11 /* Release */ = {
			isa = XCBuildConfiguration;
			buildSettings = {
				ASSETCATALOG_COMPILER_APPICON_NAME = AppIcon;
				CODE_SIGN_STYLE = Automatic;
				INFOPLIST_FILE = oneHandCalculator/Info.plist;
				LD_RUNPATH_SEARCH_PATHS = (
					"$(inherited)",
					"@executable_path/Frameworks",
				);
				PRODUCT_BUNDLE_IDENTIFIER = Gun.oneHandCalculator;
				PRODUCT_NAME = "$(TARGET_NAME)";
				SWIFT_VERSION = 5.0;
				TARGETED_DEVICE_FAMILY = "1,2";
			};
			name = Release;
		};
		552C74D823984C79006A7A11 /* Debug */ = {
			isa = XCBuildConfiguration;
			buildSettings = {
				ALWAYS_EMBED_SWIFT_STANDARD_LIBRARIES = YES;
				BUNDLE_LOADER = "$(TEST_HOST)";
				CODE_SIGN_STYLE = Automatic;
				INFOPLIST_FILE = oneHandCalculatorTests/Info.plist;
				IPHONEOS_DEPLOYMENT_TARGET = 13.2;
				LD_RUNPATH_SEARCH_PATHS = (
					"$(inherited)",
					"@executable_path/Frameworks",
					"@loader_path/Frameworks",
				);
				PRODUCT_BUNDLE_IDENTIFIER = Gun.oneHandCalculatorTests;
				PRODUCT_NAME = "$(TARGET_NAME)";
				SWIFT_VERSION = 5.0;
				TARGETED_DEVICE_FAMILY = "1,2";
				TEST_HOST = "$(BUILT_PRODUCTS_DIR)/oneHandCalculator.app/oneHandCalculator";
			};
			name = Debug;
		};
		552C74D923984C79006A7A11 /* Release */ = {
			isa = XCBuildConfiguration;
			buildSettings = {
				ALWAYS_EMBED_SWIFT_STANDARD_LIBRARIES = YES;
				BUNDLE_LOADER = "$(TEST_HOST)";
				CODE_SIGN_STYLE = Automatic;
				INFOPLIST_FILE = oneHandCalculatorTests/Info.plist;
				IPHONEOS_DEPLOYMENT_TARGET = 13.2;
				LD_RUNPATH_SEARCH_PATHS = (
					"$(inherited)",
					"@executable_path/Frameworks",
					"@loader_path/Frameworks",
				);
				PRODUCT_BUNDLE_IDENTIFIER = Gun.oneHandCalculatorTests;
				PRODUCT_NAME = "$(TARGET_NAME)";
				SWIFT_VERSION = 5.0;
				TARGETED_DEVICE_FAMILY = "1,2";
				TEST_HOST = "$(BUILT_PRODUCTS_DIR)/oneHandCalculator.app/oneHandCalculator";
			};
			name = Release;
		};
		552C74DB23984C79006A7A11 /* Debug */ = {
			isa = XCBuildConfiguration;
			buildSettings = {
				ALWAYS_EMBED_SWIFT_STANDARD_LIBRARIES = YES;
				CODE_SIGN_STYLE = Automatic;
				INFOPLIST_FILE = oneHandCalculatorUITests/Info.plist;
				LD_RUNPATH_SEARCH_PATHS = (
					"$(inherited)",
					"@executable_path/Frameworks",
					"@loader_path/Frameworks",
				);
				PRODUCT_BUNDLE_IDENTIFIER = Gun.oneHandCalculatorUITests;
				PRODUCT_NAME = "$(TARGET_NAME)";
				SWIFT_VERSION = 5.0;
				TARGETED_DEVICE_FAMILY = "1,2";
				TEST_TARGET_NAME = oneHandCalculator;
			};
			name = Debug;
		};
		552C74DC23984C79006A7A11 /* Release */ = {
			isa = XCBuildConfiguration;
			buildSettings = {
				ALWAYS_EMBED_SWIFT_STANDARD_LIBRARIES = YES;
				CODE_SIGN_STYLE = Automatic;
				INFOPLIST_FILE = oneHandCalculatorUITests/Info.plist;
				LD_RUNPATH_SEARCH_PATHS = (
					"$(inherited)",
					"@executable_path/Frameworks",
					"@loader_path/Frameworks",
				);
				PRODUCT_BUNDLE_IDENTIFIER = Gun.oneHandCalculatorUITests;
				PRODUCT_NAME = "$(TARGET_NAME)";
				SWIFT_VERSION = 5.0;
				TARGETED_DEVICE_FAMILY = "1,2";
				TEST_TARGET_NAME = oneHandCalculator;
			};
			name = Release;
		};
/* End XCBuildConfiguration section */

/* Begin XCConfigurationList section */
		552C74A523984C77006A7A11 /* Build configuration list for PBXProject "oneHandCalculator" */ = {
			isa = XCConfigurationList;
			buildConfigurations = (
				552C74D223984C79006A7A11 /* Debug */,
				552C74D323984C79006A7A11 /* Release */,
			);
			defaultConfigurationIsVisible = 0;
			defaultConfigurationName = Release;
		};
		552C74D423984C79006A7A11 /* Build configuration list for PBXNativeTarget "oneHandCalculator" */ = {
			isa = XCConfigurationList;
			buildConfigurations = (
				552C74D523984C79006A7A11 /* Debug */,
				552C74D623984C79006A7A11 /* Release */,
			);
			defaultConfigurationIsVisible = 0;
			defaultConfigurationName = Release;
		};
		552C74D723984C79006A7A11 /* Build configuration list for PBXNativeTarget "oneHandCalculatorTests" */ = {
			isa = XCConfigurationList;
			buildConfigurations = (
				552C74D823984C79006A7A11 /* Debug */,
				552C74D923984C79006A7A11 /* Release */,
			);
			defaultConfigurationIsVisible = 0;
			defaultConfigurationName = Release;
		};
		552C74DA23984C79006A7A11 /* Build configuration list for PBXNativeTarget "oneHandCalculatorUITests" */ = {
			isa = XCConfigurationList;
			buildConfigurations = (
				552C74DB23984C79006A7A11 /* Debug */,
				552C74DC23984C79006A7A11 /* Release */,
			);
			defaultConfigurationIsVisible = 0;
			defaultConfigurationName = Release;
		};
/* End XCConfigurationList section */
	};
	rootObject = 552C74A223984C77006A7A11 /* Project object */;
}
